
Microsoft Visual Studio Solution File, Format Version 12.00
# Visual Studio Version 17
VisualStudioVersion = 17.1.32210.238
MinimumVisualStudioVersion = 10.0.40219.1
Project("{9A19103F-16F7-4668-BE54-9A1E7A4F7556}") = "InspectionApi", "InspectionApi\InspectionApi.csproj", "{743927EE-A2F1-4542-BC59-6DBCF2339EE6}"
EndProject
Global
	GlobalSection(SolutionConfigurationPlatforms) = preSolution
		Debug|Any CPU = Debug|Any CPU
		Release|Any CPU = Release|Any CPU
	EndGlobalSection
	GlobalSection(ProjectConfigurationPlatforms) = postSolution
		{743927EE-A2F1-4542-BC59-6DBCF2339EE6}.Debug|Any CPU.ActiveCfg = Debug|Any CPU
		{743927EE-A2F1-4542-BC59-6DBCF2339EE6}.Debug|Any CPU.Build.0 = Debug|Any CPU
		{743927EE-A2F1-4542-BC59-6DBCF2339EE6}.Release|Any CPU.ActiveCfg = Release|Any CPU
		{743927EE-A2F1-4542-BC59-6DBCF2339EE6}.Release|Any CPU.Build.0 = Release|Any CPU
	EndGlobalSection
	GlobalSection(SolutionProperties) = preSolution
		HideSolutionNode = FALSE
	EndGlobalSection
	GlobalSection(ExtensibilityGlobals) = postSolution
		SolutionGuid = {23C4CE63-6B6E-4C6C-8820-916D8B190222}
	EndGlobalSection
EndGlobal
